
Microsoft Visual Studio Solution File, Format Version 12.00
# Visual Studio Version 16
VisualStudioVersion = 25.0.1705.1
MinimumVisualStudioVersion = 10.0.40219.1
Project("{FAE04EC0-301F-11D3-BF4B-00C04F79EFBC}") = "BulkyBookWeb", "BulkyBookWeb\BulkyBookWeb.csproj", "{D97EF496-00A2-4C36-B584-CABCFF7B377D}"
EndProject
Global
	GlobalSection(SolutionConfigurationPlatforms) = preSolution
		Debug|Any CPU = Debug|Any CPU
		Release|Any CPU = Release|Any CPU
	EndGlobalSection
	GlobalSection(ProjectConfigurationPlatforms) = postSolution
		{D97EF496-00A2-4C36-B584-CABCFF7B377D}.Debug|Any CPU.ActiveCfg = Debug|Any CPU
		{D97EF496-00A2-4C36-B584-CABCFF7B377D}.Debug|Any CPU.Build.0 = Debug|Any CPU
		{D97EF496-00A2-4C36-B584-CABCFF7B377D}.Release|Any CPU.ActiveCfg = Release|Any CPU
		{D97EF496-00A2-4C36-B584-CABCFF7B377D}.Release|Any CPU.Build.0 = Release|Any CPU
	EndGlobalSection
	GlobalSection(SolutionProperties) = preSolution
		HideSolutionNode = FALSE
	EndGlobalSection
	GlobalSection(ExtensibilityGlobals) = postSolution
		SolutionGuid = {D0E8F904-205E-43D1-BFD0-D62D05CE1488}
	EndGlobalSection
EndGlobal
